
Microsoft Visual Studio Solution File, Format Version 12.00
# Visual Studio Version 17
VisualStudioVersion = 17.8.34408.163
MinimumVisualStudioVersion = 10.0.40219.1
Project("{FAE04EC0-301F-11D3-BF4B-00C04F79EFBC}") = "applicationB", "applicationB\applicationB.csproj", "{EA41E5E5-FECA-4DF7-857B-2965801FFB7A}"
EndProject
Global
	GlobalSection(SolutionConfigurationPlatforms) = preSolution
		Debug|Any CPU = Debug|Any CPU
		Release|Any CPU = Release|Any CPU
	EndGlobalSection
	GlobalSection(ProjectConfigurationPlatforms) = postSolution
		{EA41E5E5-FECA-4DF7-857B-2965801FFB7A}.Debug|Any CPU.ActiveCfg = Debug|Any CPU
		{EA41E5E5-FECA-4DF7-857B-2965801FFB7A}.Debug|Any CPU.Build.0 = Debug|Any CPU
		{EA41E5E5-FECA-4DF7-857B-2965801FFB7A}.Release|Any CPU.ActiveCfg = Release|Any CPU
		{EA41E5E5-FECA-4DF7-857B-2965801FFB7A}.Release|Any CPU.Build.0 = Release|Any CPU
	EndGlobalSection
	GlobalSection(SolutionProperties) = preSolution
		HideSolutionNode = FALSE
	EndGlobalSection
	GlobalSection(ExtensibilityGlobals) = postSolution
		SolutionGuid = {041BDC6B-BFDD-40C8-96CF-2D8E39AD1855}
	EndGlobalSection
EndGlobal
