
Microsoft Visual Studio Solution File, Format Version 12.00
# Visual Studio Version 17
VisualStudioVersion = 17.9.34902.65
MinimumVisualStudioVersion = 10.0.40219.1
Project("{FAE04EC0-301F-11D3-BF4B-00C04F79EFBC}") = "ConsumerKafka", "ConsumerKafka.csproj", "{A3833154-C0F9-43A0-BF39-DEFAD07277F5}"
EndProject
Global
	GlobalSection(SolutionConfigurationPlatforms) = preSolution
		Debug|Any CPU = Debug|Any CPU
		Release|Any CPU = Release|Any CPU
	EndGlobalSection
	GlobalSection(ProjectConfigurationPlatforms) = postSolution
		{A3833154-C0F9-43A0-BF39-DEFAD07277F5}.Debug|Any CPU.ActiveCfg = Debug|Any CPU
		{A3833154-C0F9-43A0-BF39-DEFAD07277F5}.Debug|Any CPU.Build.0 = Debug|Any CPU
		{A3833154-C0F9-43A0-BF39-DEFAD07277F5}.Release|Any CPU.ActiveCfg = Release|Any CPU
		{A3833154-C0F9-43A0-BF39-DEFAD07277F5}.Release|Any CPU.Build.0 = Release|Any CPU
	EndGlobalSection
	GlobalSection(SolutionProperties) = preSolution
		HideSolutionNode = FALSE
	EndGlobalSection
	GlobalSection(ExtensibilityGlobals) = postSolution
		SolutionGuid = {EA277F15-C8A2-4DCC-AC0C-51320A2A9C4B}
	EndGlobalSection
EndGlobal
